
Microsoft Visual Studio Solution File, Format Version 12.00
# Visual Studio 15
VisualStudioVersion = 15.0.28307.539
MinimumVisualStudioVersion = 10.0.40219.1
Project("{8BC9CEB8-8B4A-11D0-8D11-00A0C91BC942}") = "Lab10_2017", "Lab10_2017\Lab10_2017.vcxproj", "{BEA3F5AB-AF2D-4F93-85D5-A44A4648275B}"
EndProject
Global
	GlobalSection(SolutionConfigurationPlatforms) = preSolution
		Debug|x86 = Debug|x86
		Release|x86 = Release|x86
	EndGlobalSection
	GlobalSection(ProjectConfigurationPlatforms) = postSolution
		{BEA3F5AB-AF2D-4F93-85D5-A44A4648275B}.Debug|x86.ActiveCfg = Debug|Win32
		{BEA3F5AB-AF2D-4F93-85D5-A44A4648275B}.Debug|x86.Build.0 = Debug|Win32
		{BEA3F5AB-AF2D-4F93-85D5-A44A4648275B}.Release|x86.ActiveCfg = Release|Win32
		{BEA3F5AB-AF2D-4F93-85D5-A44A4648275B}.Release|x86.Build.0 = Release|Win32
	EndGlobalSection
	GlobalSection(SolutionProperties) = preSolution
		HideSolutionNode = FALSE
	EndGlobalSection
	GlobalSection(ExtensibilityGlobals) = postSolution
		SolutionGuid = {0D99DE2E-D9B4-4AE7-AF86-536D5B470763}
	EndGlobalSection
EndGlobal
