
Microsoft Visual Studio Solution File, Format Version 12.00
# Visual Studio 15
VisualStudioVersion = 15.0.28307.539
MinimumVisualStudioVersion = 10.0.40219.1
Project("{FAE04EC0-301F-11D3-BF4B-00C04F79EFBC}") = "Clatitarie", "Clatitarie\Clatitarie.csproj", "{18974F70-CD51-4A5E-B66D-6E834C6973E8}"
EndProject
Global
	GlobalSection(SolutionConfigurationPlatforms) = preSolution
		Debug|Any CPU = Debug|Any CPU
		Release|Any CPU = Release|Any CPU
	EndGlobalSection
	GlobalSection(ProjectConfigurationPlatforms) = postSolution
		{18974F70-CD51-4A5E-B66D-6E834C6973E8}.Debug|Any CPU.ActiveCfg = Debug|Any CPU
		{18974F70-CD51-4A5E-B66D-6E834C6973E8}.Debug|Any CPU.Build.0 = Debug|Any CPU
		{18974F70-CD51-4A5E-B66D-6E834C6973E8}.Release|Any CPU.ActiveCfg = Release|Any CPU
		{18974F70-CD51-4A5E-B66D-6E834C6973E8}.Release|Any CPU.Build.0 = Release|Any CPU
	EndGlobalSection
	GlobalSection(SolutionProperties) = preSolution
		HideSolutionNode = FALSE
	EndGlobalSection
	GlobalSection(ExtensibilityGlobals) = postSolution
		SolutionGuid = {6E6C1CFB-A5A6-4732-8C51-0F8E8F51F970}
	EndGlobalSection
EndGlobal
