
Microsoft Visual Studio Solution File, Format Version 12.00
# Visual Studio Version 16
VisualStudioVersion = 16.0.29920.165
MinimumVisualStudioVersion = 10.0.40219.1
Project("{FAE04EC0-301F-11D3-BF4B-00C04F79EFBC}") = "Faza2", "Faza2.csproj", "{5E0BDFC7-5D08-4BFB-A2E3-23540DA686E5}"
EndProject
Global
	GlobalSection(SolutionConfigurationPlatforms) = preSolution
		Debug|Any CPU = Debug|Any CPU
		Release|Any CPU = Release|Any CPU
	EndGlobalSection
	GlobalSection(ProjectConfigurationPlatforms) = postSolution
		{5E0BDFC7-5D08-4BFB-A2E3-23540DA686E5}.Debug|Any CPU.ActiveCfg = Debug|Any CPU
		{5E0BDFC7-5D08-4BFB-A2E3-23540DA686E5}.Debug|Any CPU.Build.0 = Debug|Any CPU
		{5E0BDFC7-5D08-4BFB-A2E3-23540DA686E5}.Release|Any CPU.ActiveCfg = Release|Any CPU
		{5E0BDFC7-5D08-4BFB-A2E3-23540DA686E5}.Release|Any CPU.Build.0 = Release|Any CPU
	EndGlobalSection
	GlobalSection(SolutionProperties) = preSolution
		HideSolutionNode = FALSE
	EndGlobalSection
	GlobalSection(ExtensibilityGlobals) = postSolution
		SolutionGuid = {114EDB66-0DA5-4E6D-B6F3-B1CF1EB56492}
	EndGlobalSection
EndGlobal
