
Microsoft Visual Studio Solution File, Format Version 12.00
# Visual Studio 15
VisualStudioVersion = 15.0.28307.539
MinimumVisualStudioVersion = 10.0.40219.1
Project("{8BC9CEB8-8B4A-11D0-8D11-00A0C91BC942}") = "labSapt2", "labSapt2\labSapt2.vcxproj", "{226A5947-55D3-4E69-A1AB-1D9C6B30B4DC}"
EndProject
Global
	GlobalSection(SolutionConfigurationPlatforms) = preSolution
		Debug|x64 = Debug|x64
		Debug|x86 = Debug|x86
		Release|x64 = Release|x64
		Release|x86 = Release|x86
	EndGlobalSection
	GlobalSection(ProjectConfigurationPlatforms) = postSolution
		{226A5947-55D3-4E69-A1AB-1D9C6B30B4DC}.Debug|x64.ActiveCfg = Debug|x64
		{226A5947-55D3-4E69-A1AB-1D9C6B30B4DC}.Debug|x64.Build.0 = Debug|x64
		{226A5947-55D3-4E69-A1AB-1D9C6B30B4DC}.Debug|x86.ActiveCfg = Debug|Win32
		{226A5947-55D3-4E69-A1AB-1D9C6B30B4DC}.Debug|x86.Build.0 = Debug|Win32
		{226A5947-55D3-4E69-A1AB-1D9C6B30B4DC}.Release|x64.ActiveCfg = Release|x64
		{226A5947-55D3-4E69-A1AB-1D9C6B30B4DC}.Release|x64.Build.0 = Release|x64
		{226A5947-55D3-4E69-A1AB-1D9C6B30B4DC}.Release|x86.ActiveCfg = Release|Win32
		{226A5947-55D3-4E69-A1AB-1D9C6B30B4DC}.Release|x86.Build.0 = Release|Win32
	EndGlobalSection
	GlobalSection(SolutionProperties) = preSolution
		HideSolutionNode = FALSE
	EndGlobalSection
	GlobalSection(ExtensibilityGlobals) = postSolution
		SolutionGuid = {2DD6B43A-7BA5-41EB-96BB-B726FD5B9D07}
	EndGlobalSection
EndGlobal
