
Microsoft Visual Studio Solution File, Format Version 12.00
# Visual Studio Version 16
VisualStudioVersion = 16.0.29920.165
MinimumVisualStudioVersion = 10.0.40219.1
Project("{FAE04EC0-301F-11D3-BF4B-00C04F79EFBC}") = "CSharpServer", "CSharpServer.csproj", "{884744CC-DF2D-4BA4-B3CE-25CBA5ED8DAF}"
EndProject
Project("{FAE04EC0-301F-11D3-BF4B-00C04F79EFBC}") = "Model", "..\Model\Model.csproj", "{80AF40C8-9E5B-4B36-A552-D6776ACA9358}"
EndProject
Project("{FAE04EC0-301F-11D3-BF4B-00C04F79EFBC}") = "Persistence", "..\Persistence\Persistence.csproj", "{63F7917D-2396-4F7B-B3DA-A2D67098152F}"
EndProject
Global
	GlobalSection(SolutionConfigurationPlatforms) = preSolution
		Debug|Any CPU = Debug|Any CPU
		Release|Any CPU = Release|Any CPU
	EndGlobalSection
	GlobalSection(ProjectConfigurationPlatforms) = postSolution
		{884744CC-DF2D-4BA4-B3CE-25CBA5ED8DAF}.Debug|Any CPU.ActiveCfg = Debug|Any CPU
		{884744CC-DF2D-4BA4-B3CE-25CBA5ED8DAF}.Debug|Any CPU.Build.0 = Debug|Any CPU
		{884744CC-DF2D-4BA4-B3CE-25CBA5ED8DAF}.Release|Any CPU.ActiveCfg = Release|Any CPU
		{884744CC-DF2D-4BA4-B3CE-25CBA5ED8DAF}.Release|Any CPU.Build.0 = Release|Any CPU
		{80AF40C8-9E5B-4B36-A552-D6776ACA9358}.Debug|Any CPU.ActiveCfg = Debug|Any CPU
		{80AF40C8-9E5B-4B36-A552-D6776ACA9358}.Debug|Any CPU.Build.0 = Debug|Any CPU
		{80AF40C8-9E5B-4B36-A552-D6776ACA9358}.Release|Any CPU.ActiveCfg = Release|Any CPU
		{80AF40C8-9E5B-4B36-A552-D6776ACA9358}.Release|Any CPU.Build.0 = Release|Any CPU
		{63F7917D-2396-4F7B-B3DA-A2D67098152F}.Debug|Any CPU.ActiveCfg = Debug|Any CPU
		{63F7917D-2396-4F7B-B3DA-A2D67098152F}.Debug|Any CPU.Build.0 = Debug|Any CPU
		{63F7917D-2396-4F7B-B3DA-A2D67098152F}.Release|Any CPU.ActiveCfg = Release|Any CPU
		{63F7917D-2396-4F7B-B3DA-A2D67098152F}.Release|Any CPU.Build.0 = Release|Any CPU
	EndGlobalSection
	GlobalSection(SolutionProperties) = preSolution
		HideSolutionNode = FALSE
	EndGlobalSection
	GlobalSection(ExtensibilityGlobals) = postSolution
		SolutionGuid = {04AA18D1-B83F-463E-BE16-9EBEFAE3714E}
	EndGlobalSection
EndGlobal
